// !$*UTF8*$!
{
	archiveVersion = 1;
	classes = {
	};
	objectVersion = 46;
	objects = {

/* Begin PBXFileReference section */
		36F9395E1407152300F77782 /* main.py */ = {isa = PBXFileReference; fileEncoding = 4; lastKnownFileType = text.script.python; path = main.py; sourceTree = "<group>"; };
/* End PBXFileReference section */

/* Begin PBXGroup section */
		36F939511407149000F77782 = {
			isa = PBXGroup;
			children = (
				36F9395E1407152300F77782 /* main.py */,
			);
			sourceTree = "<group>";
		};
/* End PBXGroup section */

/* Begin PBXLegacyTarget section */
		3687D4B214071AF10095D48D /* python */ = {
			isa = PBXLegacyTarget;
			buildArgumentsString = "$(ACTION)";
			buildConfigurationList = 3687D4B514071AF10095D48D /* Build configuration list for PBXLegacyTarget "python" */;
			buildPhases = (
			);
			buildToolPath = /usr/bin/python;
			buildWorkingDirectory = "";
			dependencies = (
			);
			name = python;
			passBuildSettingsInEnvironment = 1;
			productName = python;
		};
/* End PBXLegacyTarget section */

/* Begin PBXProject section */
		36F939531407149000F77782 /* Project object */ = {
			isa = PBXProject;
			attributes = {
				ORGANIZATIONNAME = "Sheyne Anderson";
			};
			buildConfigurationList = 36F939561407149000F77782 /* Build configuration list for PBXProject "Autocar" */;
			compatibilityVersion = "Xcode 3.2";
			developmentRegion = English;
			hasScannedForEncodings = 0;
			knownRegions = (
				en,
			);
			mainGroup = 36F939511407149000F77782;
			projectDirPath = "";
			projectRoot = "";
			targets = (
				3687D4B214071AF10095D48D /* python */,
			);
		};
/* End PBXProject section */

/* Begin XCBuildConfiguration section */
		3687D4B314071AF10095D48D /* Debug */ = {
			isa = XCBuildConfiguration;
			buildSettings = {
				PRODUCT_NAME = "$(TARGET_NAME)";
			};
			name = Debug;
		};
		3687D4B414071AF10095D48D /* Release */ = {
			isa = XCBuildConfiguration;
			buildSettings = {
				PRODUCT_NAME = "$(TARGET_NAME)";
			};
			name = Release;
		};
		36F939581407149100F77782 /* Debug */ = {
			isa = XCBuildConfiguration;
			buildSettings = {
			};
			name = Debug;
		};
		36F939591407149100F77782 /* Release */ = {
			isa = XCBuildConfiguration;
			buildSettings = {
			};
			name = Release;
		};
/* End XCBuildConfiguration section */

/* Begin XCConfigurationList section */
		3687D4B514071AF10095D48D /* Build configuration list for PBXLegacyTarget "python" */ = {
			isa = XCConfigurationList;
			buildConfigurations = (
				3687D4B314071AF10095D48D /* Debug */,
				3687D4B414071AF10095D48D /* Release */,
			);
			defaultConfigurationIsVisible = 0;
		};
		36F939561407149000F77782 /* Build configuration list for PBXProject "Autocar" */ = {
			isa = XCConfigurationList;
			buildConfigurations = (
				36F939581407149100F77782 /* Debug */,
				36F939591407149100F77782 /* Release */,
			);
			defaultConfigurationIsVisible = 0;
			defaultConfigurationName = Release;
		};
/* End XCConfigurationList section */
	};
	rootObject = 36F939531407149000F77782 /* Project object */;
}
